
Microsoft Visual Studio Solution File, Format Version 12.00
# Visual Studio 2013
VisualStudioVersion = 12.0.21005.1
MinimumVisualStudioVersion = 10.0.40219.1
Project("{FAE04EC0-301F-11D3-BF4B-00C04F79EFBC}") = "WebApplication1", "WebApplication1\WebApplication1.csproj", "{598C4A1A-6DF9-43FD-B505-A2DF4A556178}"
EndProject
Project("{FAE04EC0-301F-11D3-BF4B-00C04F79EFBC}") = "WebApplication1.Tests", "WebApplication1.Tests\WebApplication1.Tests.csproj", "{34CFBD27-CF00-46E9-9ACC-B26326D2EEBA}"
EndProject
Global
	GlobalSection(SolutionConfigurationPlatforms) = preSolution
		Debug|Any CPU = Debug|Any CPU
		Release|Any CPU = Release|Any CPU
	EndGlobalSection
	GlobalSection(ProjectConfigurationPlatforms) = postSolution
		{598C4A1A-6DF9-43FD-B505-A2DF4A556178}.Debug|Any CPU.ActiveCfg = Debug|Any CPU
		{598C4A1A-6DF9-43FD-B505-A2DF4A556178}.Debug|Any CPU.Build.0 = Debug|Any CPU
		{598C4A1A-6DF9-43FD-B505-A2DF4A556178}.Release|Any CPU.ActiveCfg = Release|Any CPU
		{598C4A1A-6DF9-43FD-B505-A2DF4A556178}.Release|Any CPU.Build.0 = Release|Any CPU
		{34CFBD27-CF00-46E9-9ACC-B26326D2EEBA}.Debug|Any CPU.ActiveCfg = Debug|Any CPU
		{34CFBD27-CF00-46E9-9ACC-B26326D2EEBA}.Debug|Any CPU.Build.0 = Debug|Any CPU
		{34CFBD27-CF00-46E9-9ACC-B26326D2EEBA}.Release|Any CPU.ActiveCfg = Release|Any CPU
		{34CFBD27-CF00-46E9-9ACC-B26326D2EEBA}.Release|Any CPU.Build.0 = Release|Any CPU
	EndGlobalSection
	GlobalSection(SolutionProperties) = preSolution
		HideSolutionNode = FALSE
	EndGlobalSection
EndGlobal
